{
  "name": "typescript tutorial",
  "version": "1.0.0",
  "lockfileVersion": 1,
  "requires": true,
  "dependencies": {
    "systemjs": {
      "version": "3.0.0",
      "resolved": "https://registry.npmjs.org/systemjs/-/systemjs-3.0.0.tgz",
      "integrity": "sha512-EkC2dGhRkGJy0Ug5eZWIveIFTyPNXjW1J7PIBpPtzHuw6nDRJEFQr/rAOdfclD6PN/2YIAeexpP4LrgLZhmNrw=="
    }
  }
}
